// !$*UTF8*$!
{
	archiveVersion = 1;
	classes = {
	};
	objectVersion = 56;
	objects = {

/* Begin PBXBuildFile section */
		368942212BC441F700E713C2 /* main.cpp in Sources */ = {isa = PBXBuildFile; fileRef = 368942202BC441F700E713C2 /* main.cpp */; };
		3689422F2BC4435D00E713C2 /* Miner weeper.cpp in Sources */ = {isa = PBXBuildFile; fileRef = 3689422D2BC4435D00E713C2 /* Miner weeper.cpp */; };
/* End PBXBuildFile section */

/* Begin PBXFileReference section */
		3689421D2BC441F700E713C2 /* miner-weeper */ = {isa = PBXFileReference; explicitFileType = "compiled.mach-o.executable"; includeInIndex = 0; path = "miner-weeper"; sourceTree = BUILT_PRODUCTS_DIR; };
		368942202BC441F700E713C2 /* main.cpp */ = {isa = PBXFileReference; lastKnownFileType = sourcecode.cpp.cpp; path = main.cpp; sourceTree = "<group>"; };
		3689422C2BC4421C00E713C2 /* miner-weeper.entitlements */ = {isa = PBXFileReference; lastKnownFileType = text.plist.entitlements; path = "miner-weeper.entitlements"; sourceTree = "<group>"; };
		3689422D2BC4435D00E713C2 /* Miner weeper.cpp */ = {isa = PBXFileReference; lastKnownFileType = sourcecode.cpp.cpp; path = "Miner weeper.cpp"; sourceTree = "<group>"; };
		3689422E2BC4435D00E713C2 /* Miner weeper.hpp */ = {isa = PBXFileReference; lastKnownFileType = sourcecode.cpp.h; path = "Miner weeper.hpp"; sourceTree = "<group>"; };
		368942322BC4453400E713C2 /* images */ = {isa = PBXFileReference; lastKnownFileType = folder; path = images; sourceTree = "<group>"; };
/* End PBXFileReference section */

/* Begin PBXFrameworksBuildPhase section */
		3689421B2BC441F700E713C2 /* Frameworks */ = {
			isa = PBXFrameworksBuildPhase;
			buildActionMask = 2147483647;
			files = (
			);
			runOnlyForDeploymentPostprocessing = 0;
		};
/* End PBXFrameworksBuildPhase section */

/* Begin PBXGroup section */
		368942152BC441F700E713C2 = {
			isa = PBXGroup;
			children = (
				3689421F2BC441F700E713C2 /* miner-weeper */,
				3689421E2BC441F700E713C2 /* Products */,
			);
			sourceTree = "<group>";
		};
		3689421E2BC441F700E713C2 /* Products */ = {
			isa = PBXGroup;
			children = (
				3689421D2BC441F700E713C2 /* miner-weeper */,
			);
			name = Products;
			sourceTree = "<group>";
		};
		3689421F2BC441F700E713C2 /* miner-weeper */ = {
			isa = PBXGroup;
			children = (
				368942322BC4453400E713C2 /* images */,
				3689422C2BC4421C00E713C2 /* miner-weeper.entitlements */,
				368942202BC441F700E713C2 /* main.cpp */,
				3689422D2BC4435D00E713C2 /* Miner weeper.cpp */,
				3689422E2BC4435D00E713C2 /* Miner weeper.hpp */,
			);
			path = "miner-weeper";
			sourceTree = "<group>";
		};
/* End PBXGroup section */

/* Begin PBXNativeTarget section */
		3689421C2BC441F700E713C2 /* miner-weeper */ = {
			isa = PBXNativeTarget;
			buildConfigurationList = 368942292BC441F700E713C2 /* Build configuration list for PBXNativeTarget "miner-weeper" */;
			buildPhases = (
				3689421A2BC441F700E713C2 /* Sources */,
				3689421B2BC441F700E713C2 /* Frameworks */,
			);
			buildRules = (
			);
			dependencies = (
			);
			name = "miner-weeper";
			productName = "miner-weeper";
			productReference = 3689421D2BC441F700E713C2 /* miner-weeper */;
			productType = "com.apple.product-type.tool";
		};
/* End PBXNativeTarget section */

/* Begin PBXProject section */
		368942162BC441F700E713C2 /* Project object */ = {
			isa = PBXProject;
			attributes = {
				BuildIndependentTargetsInParallel = 1;
				LastUpgradeCheck = 1400;
				ORGANIZATIONNAME = "Fedor Shevtsev";
				TargetAttributes = {
					3689421C2BC441F700E713C2 = {
						CreatedOnToolsVersion = 14.0.1;
					};
				};
			};
			buildConfigurationList = 368942192BC441F700E713C2 /* Build configuration list for PBXProject "miner-weeper" */;
			compatibilityVersion = "Xcode 14.0";
			developmentRegion = en;
			hasScannedForEncodings = 0;
			knownRegions = (
				en,
				Base,
			);
			mainGroup = 368942152BC441F700E713C2;
			productRefGroup = 3689421E2BC441F700E713C2 /* Products */;
			projectDirPath = "";
			projectRoot = "";
			targets = (
				3689421C2BC441F700E713C2 /* miner-weeper */,
			);
		};
/* End PBXProject section */

/* Begin PBXSourcesBuildPhase section */
		3689421A2BC441F700E713C2 /* Sources */ = {
			isa = PBXSourcesBuildPhase;
			buildActionMask = 2147483647;
			files = (
				3689422F2BC4435D00E713C2 /* Miner weeper.cpp in Sources */,
				368942212BC441F700E713C2 /* main.cpp in Sources */,
			);
			runOnlyForDeploymentPostprocessing = 0;
		};
/* End PBXSourcesBuildPhase section */

/* Begin XCBuildConfiguration section */
		368942272BC441F700E713C2 /* Debug */ = {
			isa = XCBuildConfiguration;
			buildSettings = {
				ARCHS = "$(NATIVE_ARCH_ACTUAL)";
				CLANG_CXX_LANGUAGE_STANDARD = "c++11";
				CLANG_CXX_LIBRARY = "libc++";
				FRAMEWORK_SEARCH_PATHS = (
					/Library/Frameworks/,
					"$(inherited)",
				);
				GCC_VERSION = com.apple.compilers.llvm.clang.1_0;
				HEADER_SEARCH_PATHS = (
					/usr/local/include/,
					"$(inherited)",
				);
				LIBRARY_SEARCH_PATHS = (
					/usr/local/lib/,
					"$(inherited)",
				);
				MACOSX_DEPLOYMENT_TARGET = 10.15;
				OTHER_LDFLAGS = (
					"$(inherited)",
					"$(SFML_SYSTEM)",
					"$(SFML_WINDOW)",
					"$(SFML_GRAPHICS)",
					"$(SFML_AUDIO)",
					"$(SFML_NETWORK)",
				);
				SFML_AUDIO = "$(SFML_LINK_PREFIX) sfml-audio$(SFML_LINK_SUFFIX)";
				SFML_BINARY_TYPE = FRAMEWORKS;
				SFML_GRAPHICS = "$(SFML_LINK_PREFIX) sfml-graphics$(SFML_LINK_SUFFIX)";
				SFML_LINK_DYLIBS_PREFIX = "-l";
				SFML_LINK_DYLIBS_SUFFIX = "";
				SFML_LINK_FRAMEWORKS_PREFIX = "-framework";
				SFML_LINK_FRAMEWORKS_SUFFIX = "";
				SFML_LINK_PREFIX = "$(SFML_LINK_$(SFML_BINARY_TYPE)_PREFIX)";
				SFML_LINK_SUFFIX = "$(SFML_LINK_$(SFML_BINARY_TYPE)_SUFFIX)";
				SFML_NETWORK = "$(SFML_LINK_PREFIX) sfml-network$(SFML_LINK_SUFFIX)";
				SFML_SYSTEM = "$(SFML_LINK_PREFIX) sfml-system$(SFML_LINK_SUFFIX)";
				SFML_WINDOW = "$(SFML_LINK_PREFIX) sfml-window$(SFML_LINK_SUFFIX)";
				SUPPORTED_PLATFORMS = macosx;
			};
			name = Debug;
		};
		368942282BC441F700E713C2 /* Release */ = {
			isa = XCBuildConfiguration;
			buildSettings = {
				ARCHS = "$(NATIVE_ARCH_ACTUAL)";
				CLANG_CXX_LANGUAGE_STANDARD = "c++11";
				CLANG_CXX_LIBRARY = "libc++";
				FRAMEWORK_SEARCH_PATHS = (
					/Library/Frameworks/,
					"$(inherited)",
				);
				GCC_VERSION = com.apple.compilers.llvm.clang.1_0;
				HEADER_SEARCH_PATHS = (
					/usr/local/include/,
					"$(inherited)",
				);
				LIBRARY_SEARCH_PATHS = (
					/usr/local/lib/,
					"$(inherited)",
				);
				MACOSX_DEPLOYMENT_TARGET = 10.15;
				OTHER_LDFLAGS = (
					"$(inherited)",
					"$(SFML_SYSTEM)",
					"$(SFML_WINDOW)",
					"$(SFML_GRAPHICS)",
					"$(SFML_AUDIO)",
					"$(SFML_NETWORK)",
				);
				SFML_AUDIO = "$(SFML_LINK_PREFIX) sfml-audio$(SFML_LINK_SUFFIX)";
				SFML_BINARY_TYPE = FRAMEWORKS;
				SFML_GRAPHICS = "$(SFML_LINK_PREFIX) sfml-graphics$(SFML_LINK_SUFFIX)";
				SFML_LINK_DYLIBS_PREFIX = "-l";
				SFML_LINK_DYLIBS_SUFFIX = "";
				SFML_LINK_FRAMEWORKS_PREFIX = "-framework";
				SFML_LINK_FRAMEWORKS_SUFFIX = "";
				SFML_LINK_PREFIX = "$(SFML_LINK_$(SFML_BINARY_TYPE)_PREFIX)";
				SFML_LINK_SUFFIX = "$(SFML_LINK_$(SFML_BINARY_TYPE)_SUFFIX)";
				SFML_NETWORK = "$(SFML_LINK_PREFIX) sfml-network$(SFML_LINK_SUFFIX)";
				SFML_SYSTEM = "$(SFML_LINK_PREFIX) sfml-system$(SFML_LINK_SUFFIX)";
				SFML_WINDOW = "$(SFML_LINK_PREFIX) sfml-window$(SFML_LINK_SUFFIX)";
				SUPPORTED_PLATFORMS = macosx;
			};
			name = Release;
		};
		3689422A2BC441F700E713C2 /* Debug */ = {
			isa = XCBuildConfiguration;
			buildSettings = {
				CODE_SIGN_ENTITLEMENTS = "miner-weeper/miner-weeper.entitlements";
				CODE_SIGN_STYLE = Automatic;
				DEVELOPMENT_TEAM = 37UG7R67SC;
				ENABLE_HARDENED_RUNTIME = YES;
				PRODUCT_NAME = "$(TARGET_NAME)";
			};
			name = Debug;
		};
		3689422B2BC441F700E713C2 /* Release */ = {
			isa = XCBuildConfiguration;
			buildSettings = {
				CODE_SIGN_ENTITLEMENTS = "miner-weeper/miner-weeper.entitlements";
				CODE_SIGN_STYLE = Automatic;
				DEVELOPMENT_TEAM = 37UG7R67SC;
				ENABLE_HARDENED_RUNTIME = YES;
				PRODUCT_NAME = "$(TARGET_NAME)";
			};
			name = Release;
		};
/* End XCBuildConfiguration section */

/* Begin XCConfigurationList section */
		368942192BC441F700E713C2 /* Build configuration list for PBXProject "miner-weeper" */ = {
			isa = XCConfigurationList;
			buildConfigurations = (
				368942272BC441F700E713C2 /* Debug */,
				368942282BC441F700E713C2 /* Release */,
			);
			defaultConfigurationIsVisible = 0;
			defaultConfigurationName = Release;
		};
		368942292BC441F700E713C2 /* Build configuration list for PBXNativeTarget "miner-weeper" */ = {
			isa = XCConfigurationList;
			buildConfigurations = (
				3689422A2BC441F700E713C2 /* Debug */,
				3689422B2BC441F700E713C2 /* Release */,
			);
			defaultConfigurationIsVisible = 0;
			defaultConfigurationName = Release;
		};
/* End XCConfigurationList section */
	};
	rootObject = 368942162BC441F700E713C2 /* Project object */;
}
